{
    "_readme": [
        "This file locks the dependencies of your project to a known state",
        "Read more about it at https://getcomposer.org/doc/01-basic-usage.md#installing-dependencies",
        "This file is @generated automatically"
    ],
    "content-hash": "bcba3f641b9c2cf9db6e1887778eae46",
    "packages": [
        {
            "name": "cekurte/environment",
            "version": "v0.3.0",
            "source": {
                "type": "git",
                "url": "https://github.com/jpcercal/environment.git",
                "reference": "6be36b0585b1c856a86247e5d335063ba4f150f9"
            },
            "dist": {
                "type": "zip",
                "url": "https://api.github.com/repos/jpcercal/environment/zipball/6be36b0585b1c856a86247e5d335063ba4f150f9",
                "reference": "6be36b0585b1c856a86247e5d335063ba4f150f9",
                "shasum": ""
            },
            "require": {
                "php": ">=5.4"
            },
            "require-dev": {
                "cekurte/tdd": "^1.0.1",
                "phpunit/phpunit": "^4.8",
                "sensiolabs/security-checker": "^3.0",
                "squizlabs/php_codesniffer": "^2.3"
            },
            "type": "library",
            "autoload": {
                "psr-4": {
                    "Cekurte\\Environment\\": "src/"
                },
                "files": [
                    "src/env.php"
                ]
            },
            "notification-url": "https://packagist.org/downloads/",
            "license": [
                "MIT"
            ],
            "authors": [
                {
                    "name": "João Paulo Cercal",
                    "email": "jpcercal@gmail.com"
                }
            ],
            "description": "A library to get the values from environment variables and process to php data types",
            "keywords": [
                "config",
                "data",
                "env",
                "environment",
                "process",
                "types",
                "variables"
            ],
            "time": "2016-05-27T15:00:31+00:00"
        },
        {
            "name": "stripe/stripe-php",
            "version": "v7.32.0",
            "source": {
                "type": "git",
                "url": "https://github.com/stripe/stripe-php.git",
                "reference": "edffb6d9370ea84f01faab0f6874b0e049e9df05"
            },
            "dist": {
                "type": "zip",
                "url": "https://api.github.com/repos/stripe/stripe-php/zipball/edffb6d9370ea84f01faab0f6874b0e049e9df05",
                "reference": "edffb6d9370ea84f01faab0f6874b0e049e9df05",
                "shasum": ""
            },
            "require": {
                "ext-curl": "*",
                "ext-json": "*",
                "ext-mbstring": "*",
                "php": ">=5.6.0"
            },
            "require-dev": {
                "friendsofphp/php-cs-fixer": "2.16.1",
                "php-coveralls/php-coveralls": "^2.1",
                "phpunit/phpunit": "^5.7",
                "squizlabs/php_codesniffer": "^3.3",
                "symfony/process": "~3.4"
            },
            "type": "library",
            "extra": {
                "branch-alias": {
                    "dev-master": "2.0-dev"
                }
            },
            "autoload": {
                "psr-4": {
                    "Stripe\\": "lib/"
                }
            },
            "notification-url": "https://packagist.org/downloads/",
            "license": [
                "MIT"
            ],
            "authors": [
                {
                    "name": "Stripe and contributors",
                    "homepage": "https://github.com/stripe/stripe-php/contributors"
                }
            ],
            "description": "Stripe PHP Library",
            "homepage": "https://stripe.com/",
            "keywords": [
                "api",
                "payment processing",
                "stripe"
            ],
            "time": "2020-05-12T00:34:28+00:00"
        }
    ],
    "packages-dev": [],
    "aliases": [],
    "minimum-stability": "stable",
    "stability-flags": [],
    "prefer-stable": false,
    "prefer-lowest": false,
    "platform": [],
    "platform-dev": [],
    "plugin-api-version": "1.1.0"
}
